Microsoft Visual Studio Solution File, Format Version 12.00
# Visual Studio Version 17
VisualStudioVersion = 17.5.2.0
MinimumVisualStudioVersion = 10.0.40219.1
Project("{FAE04EC0-301F-11D3-BF4B-00C04F79EFBC}") = "CartaoGitCopilot", "CartaoGitCopilot.csproj", "{B8C309C4-0B38-C910-D9B1-4F9CD361C868}"
EndProject
Global
	GlobalSection(SolutionConfigurationPlatforms) = preSolution
		Debug|Any CPU = Debug|Any CPU
		Release|Any CPU = Release|Any CPU
	EndGlobalSection
	GlobalSection(ProjectConfigurationPlatforms) = postSolution
		{B8C309C4-0B38-C910-D9B1-4F9CD361C868}.Debug|Any CPU.ActiveCfg = Debug|Any CPU
		{B8C309C4-0B38-C910-D9B1-4F9CD361C868}.Debug|Any CPU.Build.0 = Debug|Any CPU
		{B8C309C4-0B38-C910-D9B1-4F9CD361C868}.Release|Any CPU.ActiveCfg = Release|Any CPU
		{B8C309C4-0B38-C910-D9B1-4F9CD361C868}.Release|Any CPU.Build.0 = Release|Any CPU
	EndGlobalSection
	GlobalSection(SolutionProperties) = preSolution
		HideSolutionNode = FALSE
	EndGlobalSection
	GlobalSection(ExtensibilityGlobals) = postSolution
		SolutionGuid = {54AAB857-F7BB-401C-A640-BC010D5D5E7E}
	EndGlobalSection
EndGlobal
